{
  "name": "norasol-chat-server",
  "version": "1.0.0",
  "lockfileVersion": 3,
  "requires": true,
  "packages": {
    "": {
      "name": "norasol-chat-server",
      "version": "1.0.0",
      "private": true,
      "type": "module",
      "devDependencies": {
        "wrangler": "^3.72.0"
      }
    }
  }
}
